
Microsoft Visual Studio Solution File, Format Version 12.00
# Visual Studio Version 17
VisualStudioVersion = 17.4.33110.190
MinimumVisualStudioVersion = 10.0.40219.1
Project("{FAE04EC0-301F-11D3-BF4B-00C04F79EFBC}") = "OOP", "OOP\OOP.csproj", "{1D56E7BD-3E76-405B-82B0-14516D3C1189}"
EndProject
Project("{FAE04EC0-301F-11D3-BF4B-00C04F79EFBC}") = "OOPTests", "OOPTests\OOPTests.csproj", "{9395D839-8133-4B1F-8BD2-509EFF49592B}"
EndProject
Global
	GlobalSection(SolutionConfigurationPlatforms) = preSolution
		Debug|Any CPU = Debug|Any CPU
		Release|Any CPU = Release|Any CPU
	EndGlobalSection
	GlobalSection(ProjectConfigurationPlatforms) = postSolution
		{1D56E7BD-3E76-405B-82B0-14516D3C1189}.Debug|Any CPU.ActiveCfg = Debug|Any CPU
		{1D56E7BD-3E76-405B-82B0-14516D3C1189}.Debug|Any CPU.Build.0 = Debug|Any CPU
		{1D56E7BD-3E76-405B-82B0-14516D3C1189}.Release|Any CPU.ActiveCfg = Release|Any CPU
		{1D56E7BD-3E76-405B-82B0-14516D3C1189}.Release|Any CPU.Build.0 = Release|Any CPU
		{9395D839-8133-4B1F-8BD2-509EFF49592B}.Debug|Any CPU.ActiveCfg = Debug|Any CPU
		{9395D839-8133-4B1F-8BD2-509EFF49592B}.Debug|Any CPU.Build.0 = Debug|Any CPU
		{9395D839-8133-4B1F-8BD2-509EFF49592B}.Release|Any CPU.ActiveCfg = Release|Any CPU
		{9395D839-8133-4B1F-8BD2-509EFF49592B}.Release|Any CPU.Build.0 = Release|Any CPU
	EndGlobalSection
	GlobalSection(SolutionProperties) = preSolution
		HideSolutionNode = FALSE
	EndGlobalSection
	GlobalSection(ExtensibilityGlobals) = postSolution
		SolutionGuid = {0BA97B5C-FE47-4EDD-A917-02AB49AB6162}
	EndGlobalSection
EndGlobal
